# THIS IS AN AUTOGENERATED FILE. DO NOT EDIT THIS FILE DIRECTLY.
# yarn lockfile v1


"@react-native-google-signin/google-signin@^15.0.0":
  version "15.0.0"
  resolved "https://registry.yarnpkg.com/@react-native-google-signin/google-signin/-/google-signin-15.0.0.tgz#5041e12fc5483d4b08b92d3f9a754c68c471f107"
  integrity sha512-oU49nE+Z9TT/WaO1K7BH/QL2Nx3d2T3I5PGcYdD8swKNtfhMt8qCX/3mOnNEzthTBPrR0CWFGo3LXpkYspalog==

react-native-config@^1.5.5:
  version "1.5.5"
  resolved "https://registry.yarnpkg.com/react-native-config/-/react-native-config-1.5.5.tgz#5977db58ff20b6fe9dd6fb28c815a9ba43d018d2"
  integrity sha512-dGdLnBU0cd5xL5bF0ROTmHYbsstZnQKOEPfglvZi1vStvAjpld14X25K6mY3KGPTMWAzx6TbjKeq5dR+ILuMMA==
